
Microsoft Visual Studio Solution File, Format Version 12.00
# Visual Studio Version 17
VisualStudioVersion = 17.1.32421.90
MinimumVisualStudioVersion = 10.0.40219.1
Project("{9A19103F-16F7-4668-BE54-9A1E7A4F7556}") = "TestableCodeConsole", "TestableCodeConsole\TestableCodeConsole.csproj", "{FF826902-38B2-4B54-A114-B401A5CFE475}"
EndProject
Project("{FAE04EC0-301F-11D3-BF4B-00C04F79EFBC}") = "TestableCodeSeams", "TestableCodeSeams\TestableCodeSeams.csproj", "{08A13AB8-518D-4538-AE24-BDFCF545523F}"
EndProject
Project("{FAE04EC0-301F-11D3-BF4B-00C04F79EFBC}") = "TestableObjectConstruction", "TestableObjectConstruction\TestableObjectConstruction.csproj", "{BAEC1BD0-5942-4D11-A408-E0D550A084A6}"
EndProject
Project("{FAE04EC0-301F-11D3-BF4B-00C04F79EFBC}") = "TestableWorkWithDependencies", "TestableWorkWithDependencies\TestableWorkWithDependencies.csproj", "{1AC75A54-4C12-4E6E-9E72-77072A9C108A}"
EndProject
Project("{FAE04EC0-301F-11D3-BF4B-00C04F79EFBC}") = "TestableApplicationState", "TestableApplicationState\TestableApplicationState.csproj", "{3FAD2967-5E9B-4A97-B2C7-D8FB16231BB5}"
EndProject
Project("{FAE04EC0-301F-11D3-BF4B-00C04F79EFBC}") = "TestableSingleResponsibility", "TestableSingleResponsibility\TestableSingleResponsibility.csproj", "{292440FF-1DBA-40D9-8990-E0C41F3475FB}"
EndProject
Global
	GlobalSection(SolutionConfigurationPlatforms) = preSolution
		Debug|Any CPU = Debug|Any CPU
		Release|Any CPU = Release|Any CPU
	EndGlobalSection
	GlobalSection(ProjectConfigurationPlatforms) = postSolution
		{FF826902-38B2-4B54-A114-B401A5CFE475}.Debug|Any CPU.ActiveCfg = Debug|Any CPU
		{FF826902-38B2-4B54-A114-B401A5CFE475}.Debug|Any CPU.Build.0 = Debug|Any CPU
		{FF826902-38B2-4B54-A114-B401A5CFE475}.Release|Any CPU.ActiveCfg = Release|Any CPU
		{FF826902-38B2-4B54-A114-B401A5CFE475}.Release|Any CPU.Build.0 = Release|Any CPU
		{08A13AB8-518D-4538-AE24-BDFCF545523F}.Debug|Any CPU.ActiveCfg = Debug|Any CPU
		{08A13AB8-518D-4538-AE24-BDFCF545523F}.Debug|Any CPU.Build.0 = Debug|Any CPU
		{08A13AB8-518D-4538-AE24-BDFCF545523F}.Release|Any CPU.ActiveCfg = Release|Any CPU
		{08A13AB8-518D-4538-AE24-BDFCF545523F}.Release|Any CPU.Build.0 = Release|Any CPU
		{BAEC1BD0-5942-4D11-A408-E0D550A084A6}.Debug|Any CPU.ActiveCfg = Debug|Any CPU
		{BAEC1BD0-5942-4D11-A408-E0D550A084A6}.Debug|Any CPU.Build.0 = Debug|Any CPU
		{BAEC1BD0-5942-4D11-A408-E0D550A084A6}.Release|Any CPU.ActiveCfg = Release|Any CPU
		{BAEC1BD0-5942-4D11-A408-E0D550A084A6}.Release|Any CPU.Build.0 = Release|Any CPU
		{1AC75A54-4C12-4E6E-9E72-77072A9C108A}.Debug|Any CPU.ActiveCfg = Debug|Any CPU
		{1AC75A54-4C12-4E6E-9E72-77072A9C108A}.Debug|Any CPU.Build.0 = Debug|Any CPU
		{1AC75A54-4C12-4E6E-9E72-77072A9C108A}.Release|Any CPU.ActiveCfg = Release|Any CPU
		{1AC75A54-4C12-4E6E-9E72-77072A9C108A}.Release|Any CPU.Build.0 = Release|Any CPU
		{3FAD2967-5E9B-4A97-B2C7-D8FB16231BB5}.Debug|Any CPU.ActiveCfg = Debug|Any CPU
		{3FAD2967-5E9B-4A97-B2C7-D8FB16231BB5}.Debug|Any CPU.Build.0 = Debug|Any CPU
		{3FAD2967-5E9B-4A97-B2C7-D8FB16231BB5}.Release|Any CPU.ActiveCfg = Release|Any CPU
		{3FAD2967-5E9B-4A97-B2C7-D8FB16231BB5}.Release|Any CPU.Build.0 = Release|Any CPU
		{292440FF-1DBA-40D9-8990-E0C41F3475FB}.Debug|Any CPU.ActiveCfg = Debug|Any CPU
		{292440FF-1DBA-40D9-8990-E0C41F3475FB}.Debug|Any CPU.Build.0 = Debug|Any CPU
		{292440FF-1DBA-40D9-8990-E0C41F3475FB}.Release|Any CPU.ActiveCfg = Release|Any CPU
		{292440FF-1DBA-40D9-8990-E0C41F3475FB}.Release|Any CPU.Build.0 = Release|Any CPU
	EndGlobalSection
	GlobalSection(SolutionProperties) = preSolution
		HideSolutionNode = FALSE
	EndGlobalSection
	GlobalSection(ExtensibilityGlobals) = postSolution
		SolutionGuid = {C85C7E35-68C1-4B27-A3F7-80284CE78709}
	EndGlobalSection
EndGlobal
